
Microsoft Visual Studio Solution File, Format Version 12.00
# Visual Studio Version 17
VisualStudioVersion = 17.13.35825.156
MinimumVisualStudioVersion = 10.0.40219.1
Project("{FAE04EC0-301F-11D3-BF4B-00C04F79EFBC}") = "THA.API", "src\THA.API\THA.API.csproj", "{46D791E4-7FEB-4981-8855-CA9A557CE31C}"
EndProject
Project("{FAE04EC0-301F-11D3-BF4B-00C04F79EFBC}") = "THA.Application", "src\THA.Application\THA.Application.csproj", "{B4EE0351-09E9-4966-B304-570FE8594330}"
EndProject
Project("{FAE04EC0-301F-11D3-BF4B-00C04F79EFBC}") = "THA.Domain", "src\THA.Domain\THA.Domain.csproj", "{3BD45E15-AB84-4FDF-AE9A-877B82259F64}"
EndProject
Project("{FAE04EC0-301F-11D3-BF4B-00C04F79EFBC}") = "THA.Infra", "src\THA.Infra\THA.Infra.csproj", "{48A9CC00-85A3-4DC3-B26B-AB0BC33F6412}"
EndProject
Project("{FAE04EC0-301F-11D3-BF4B-00C04F79EFBC}") = "THA.Domain.Tests", "tests\THA.Domain.Tests\THA.Domain.Tests.csproj", "{EB8B6692-699B-4C4B-AE12-0FE4016FFEA7}"
EndProject
Project("{FAE04EC0-301F-11D3-BF4B-00C04F79EFBC}") = "THA.Application.Tests", "tests\THA.Application.Tests\THA.Application.Tests.csproj", "{F36D0BEB-230C-4ADD-A887-0C93833F8122}"
EndProject
Project("{FAE04EC0-301F-11D3-BF4B-00C04F79EFBC}") = "THA.API.Tests", "tests\THA.API.Tests\THA.API.Tests.csproj", "{83036A08-1315-4807-8FC4-6C99D9140004}"
EndProject
Project("{FAE04EC0-301F-11D3-BF4B-00C04F79EFBC}") = "THA.Infra.Tests", "tests\THA.Infra.Tests\THA.Infra.Tests.csproj", "{A1E118E8-FBAA-4A5E-8EB3-94F5E992C5B3}"
EndProject
Project("{FAE04EC0-301F-11D3-BF4B-00C04F79EFBC}") = "THA.Common", "src\THA.Common\THA.Common.csproj", "{6BEBF7A3-B968-4CA6-B9DE-6D9251F8C2A3}"
EndProject
Project("{2150E333-8FDC-42A3-9474-1A3956D46DE8}") = "src", "src", "{FF9C4ADC-8CF7-46E3-AB9A-BA23E5381492}"
EndProject
Project("{2150E333-8FDC-42A3-9474-1A3956D46DE8}") = "tests", "tests", "{39DFA4B3-504B-4726-B9AD-5123A2790BC7}"
EndProject
Project("{FAE04EC0-301F-11D3-BF4B-00C04F79EFBC}") = "THA.Resources", "src\THA.Resources\THA.Resources.csproj", "{E69B41BE-4529-4F9A-BD4A-0DF6363486D6}"
EndProject
Project("{FAE04EC0-301F-11D3-BF4B-00C04F79EFBC}") = "THA.Fakes", "THA.Fakes\THA.Fakes.csproj", "{F9E30D27-A5EE-4313-BFA4-7E5DF6840CC4}"
EndProject
Project("{E53339B2-1760-4266-BCC7-CA923CBCF16C}") = "docker-compose", "docker-compose.dcproj", "{81DDED9D-158B-E303-5F62-77A2896D2A5A}"
EndProject
Global
	GlobalSection(SolutionConfigurationPlatforms) = preSolution
		Debug|Any CPU = Debug|Any CPU
		Release|Any CPU = Release|Any CPU
	EndGlobalSection
	GlobalSection(ProjectConfigurationPlatforms) = postSolution
		{46D791E4-7FEB-4981-8855-CA9A557CE31C}.Debug|Any CPU.ActiveCfg = Debug|Any CPU
		{46D791E4-7FEB-4981-8855-CA9A557CE31C}.Debug|Any CPU.Build.0 = Debug|Any CPU
		{46D791E4-7FEB-4981-8855-CA9A557CE31C}.Release|Any CPU.ActiveCfg = Release|Any CPU
		{46D791E4-7FEB-4981-8855-CA9A557CE31C}.Release|Any CPU.Build.0 = Release|Any CPU
		{B4EE0351-09E9-4966-B304-570FE8594330}.Debug|Any CPU.ActiveCfg = Debug|Any CPU
		{B4EE0351-09E9-4966-B304-570FE8594330}.Debug|Any CPU.Build.0 = Debug|Any CPU
		{B4EE0351-09E9-4966-B304-570FE8594330}.Release|Any CPU.ActiveCfg = Release|Any CPU
		{B4EE0351-09E9-4966-B304-570FE8594330}.Release|Any CPU.Build.0 = Release|Any CPU
		{3BD45E15-AB84-4FDF-AE9A-877B82259F64}.Debug|Any CPU.ActiveCfg = Debug|Any CPU
		{3BD45E15-AB84-4FDF-AE9A-877B82259F64}.Debug|Any CPU.Build.0 = Debug|Any CPU
		{3BD45E15-AB84-4FDF-AE9A-877B82259F64}.Release|Any CPU.ActiveCfg = Release|Any CPU
		{3BD45E15-AB84-4FDF-AE9A-877B82259F64}.Release|Any CPU.Build.0 = Release|Any CPU
		{48A9CC00-85A3-4DC3-B26B-AB0BC33F6412}.Debug|Any CPU.ActiveCfg = Debug|Any CPU
		{48A9CC00-85A3-4DC3-B26B-AB0BC33F6412}.Debug|Any CPU.Build.0 = Debug|Any CPU
		{48A9CC00-85A3-4DC3-B26B-AB0BC33F6412}.Release|Any CPU.ActiveCfg = Release|Any CPU
		{48A9CC00-85A3-4DC3-B26B-AB0BC33F6412}.Release|Any CPU.Build.0 = Release|Any CPU
		{EB8B6692-699B-4C4B-AE12-0FE4016FFEA7}.Debug|Any CPU.ActiveCfg = Debug|Any CPU
		{EB8B6692-699B-4C4B-AE12-0FE4016FFEA7}.Debug|Any CPU.Build.0 = Debug|Any CPU
		{EB8B6692-699B-4C4B-AE12-0FE4016FFEA7}.Release|Any CPU.ActiveCfg = Release|Any CPU
		{EB8B6692-699B-4C4B-AE12-0FE4016FFEA7}.Release|Any CPU.Build.0 = Release|Any CPU
		{F36D0BEB-230C-4ADD-A887-0C93833F8122}.Debug|Any CPU.ActiveCfg = Debug|Any CPU
		{F36D0BEB-230C-4ADD-A887-0C93833F8122}.Debug|Any CPU.Build.0 = Debug|Any CPU
		{F36D0BEB-230C-4ADD-A887-0C93833F8122}.Release|Any CPU.ActiveCfg = Release|Any CPU
		{F36D0BEB-230C-4ADD-A887-0C93833F8122}.Release|Any CPU.Build.0 = Release|Any CPU
		{83036A08-1315-4807-8FC4-6C99D9140004}.Debug|Any CPU.ActiveCfg = Debug|Any CPU
		{83036A08-1315-4807-8FC4-6C99D9140004}.Debug|Any CPU.Build.0 = Debug|Any CPU
		{83036A08-1315-4807-8FC4-6C99D9140004}.Release|Any CPU.ActiveCfg = Release|Any CPU
		{83036A08-1315-4807-8FC4-6C99D9140004}.Release|Any CPU.Build.0 = Release|Any CPU
		{A1E118E8-FBAA-4A5E-8EB3-94F5E992C5B3}.Debug|Any CPU.ActiveCfg = Debug|Any CPU
		{A1E118E8-FBAA-4A5E-8EB3-94F5E992C5B3}.Debug|Any CPU.Build.0 = Debug|Any CPU
		{A1E118E8-FBAA-4A5E-8EB3-94F5E992C5B3}.Release|Any CPU.ActiveCfg = Release|Any CPU
		{A1E118E8-FBAA-4A5E-8EB3-94F5E992C5B3}.Release|Any CPU.Build.0 = Release|Any CPU
		{6BEBF7A3-B968-4CA6-B9DE-6D9251F8C2A3}.Debug|Any CPU.ActiveCfg = Debug|Any CPU
		{6BEBF7A3-B968-4CA6-B9DE-6D9251F8C2A3}.Debug|Any CPU.Build.0 = Debug|Any CPU
		{6BEBF7A3-B968-4CA6-B9DE-6D9251F8C2A3}.Release|Any CPU.ActiveCfg = Release|Any CPU
		{6BEBF7A3-B968-4CA6-B9DE-6D9251F8C2A3}.Release|Any CPU.Build.0 = Release|Any CPU
		{E69B41BE-4529-4F9A-BD4A-0DF6363486D6}.Debug|Any CPU.ActiveCfg = Debug|Any CPU
		{E69B41BE-4529-4F9A-BD4A-0DF6363486D6}.Debug|Any CPU.Build.0 = Debug|Any CPU
		{E69B41BE-4529-4F9A-BD4A-0DF6363486D6}.Release|Any CPU.ActiveCfg = Release|Any CPU
		{E69B41BE-4529-4F9A-BD4A-0DF6363486D6}.Release|Any CPU.Build.0 = Release|Any CPU
		{F9E30D27-A5EE-4313-BFA4-7E5DF6840CC4}.Debug|Any CPU.ActiveCfg = Debug|Any CPU
		{F9E30D27-A5EE-4313-BFA4-7E5DF6840CC4}.Debug|Any CPU.Build.0 = Debug|Any CPU
		{F9E30D27-A5EE-4313-BFA4-7E5DF6840CC4}.Release|Any CPU.ActiveCfg = Release|Any CPU
		{F9E30D27-A5EE-4313-BFA4-7E5DF6840CC4}.Release|Any CPU.Build.0 = Release|Any CPU
		{81DDED9D-158B-E303-5F62-77A2896D2A5A}.Debug|Any CPU.ActiveCfg = Debug|Any CPU
		{81DDED9D-158B-E303-5F62-77A2896D2A5A}.Debug|Any CPU.Build.0 = Debug|Any CPU
		{81DDED9D-158B-E303-5F62-77A2896D2A5A}.Release|Any CPU.ActiveCfg = Release|Any CPU
		{81DDED9D-158B-E303-5F62-77A2896D2A5A}.Release|Any CPU.Build.0 = Release|Any CPU
	EndGlobalSection
	GlobalSection(SolutionProperties) = preSolution
		HideSolutionNode = FALSE
	EndGlobalSection
	GlobalSection(NestedProjects) = preSolution
		{46D791E4-7FEB-4981-8855-CA9A557CE31C} = {FF9C4ADC-8CF7-46E3-AB9A-BA23E5381492}
		{B4EE0351-09E9-4966-B304-570FE8594330} = {FF9C4ADC-8CF7-46E3-AB9A-BA23E5381492}
		{3BD45E15-AB84-4FDF-AE9A-877B82259F64} = {FF9C4ADC-8CF7-46E3-AB9A-BA23E5381492}
		{48A9CC00-85A3-4DC3-B26B-AB0BC33F6412} = {FF9C4ADC-8CF7-46E3-AB9A-BA23E5381492}
		{EB8B6692-699B-4C4B-AE12-0FE4016FFEA7} = {39DFA4B3-504B-4726-B9AD-5123A2790BC7}
		{F36D0BEB-230C-4ADD-A887-0C93833F8122} = {39DFA4B3-504B-4726-B9AD-5123A2790BC7}
		{83036A08-1315-4807-8FC4-6C99D9140004} = {39DFA4B3-504B-4726-B9AD-5123A2790BC7}
		{A1E118E8-FBAA-4A5E-8EB3-94F5E992C5B3} = {39DFA4B3-504B-4726-B9AD-5123A2790BC7}
		{6BEBF7A3-B968-4CA6-B9DE-6D9251F8C2A3} = {FF9C4ADC-8CF7-46E3-AB9A-BA23E5381492}
		{E69B41BE-4529-4F9A-BD4A-0DF6363486D6} = {FF9C4ADC-8CF7-46E3-AB9A-BA23E5381492}
		{F9E30D27-A5EE-4313-BFA4-7E5DF6840CC4} = {39DFA4B3-504B-4726-B9AD-5123A2790BC7}
	EndGlobalSection
	GlobalSection(ExtensibilityGlobals) = postSolution
		SolutionGuid = {FB818DF1-D547-4EFB-BA46-63DBF97DF23E}
	EndGlobalSection
EndGlobal
