
Microsoft Visual Studio Solution File, Format Version 12.00
# Visual Studio Version 17
VisualStudioVersion = 17.13.35825.156
MinimumVisualStudioVersion = 10.0.40219.1
Project("{FAE04EC0-301F-11D3-BF4B-00C04F79EFBC}") = "THA.API", "TakeHomeAssignment\THA.API.csproj", "{46D791E4-7FEB-4981-8855-CA9A557CE31C}"
EndProject
Project("{FAE04EC0-301F-11D3-BF4B-00C04F79EFBC}") = "THA.Application", "THA.Application\THA.Application.csproj", "{B4EE0351-09E9-4966-B304-570FE8594330}"
EndProject
Project("{FAE04EC0-301F-11D3-BF4B-00C04F79EFBC}") = "THA.Domain", "THA.Domain\THA.Domain.csproj", "{3BD45E15-AB84-4FDF-AE9A-877B82259F64}"
EndProject
Project("{FAE04EC0-301F-11D3-BF4B-00C04F79EFBC}") = "THA.Infra", "THA.Infra\THA.Infra.csproj", "{48A9CC00-85A3-4DC3-B26B-AB0BC33F6412}"
EndProject
Project("{2150E333-8FDC-42A3-9474-1A3956D46DE8}") = "API", "API", "{02EA681E-C7D8-13C7-8484-4AC65E1B71E8}"
EndProject
Project("{2150E333-8FDC-42A3-9474-1A3956D46DE8}") = "Domain", "Domain", "{2245F82F-EF9B-4C59-B435-FA6FADB2AE85}"
EndProject
Project("{2150E333-8FDC-42A3-9474-1A3956D46DE8}") = "Infra", "Infra", "{8E5524A5-310D-451D-99F0-D73D6C7D8218}"
EndProject
Project("{2150E333-8FDC-42A3-9474-1A3956D46DE8}") = "Application", "Application", "{CA42BD48-639E-4051-B2BD-3E50AB513B0B}"
EndProject
Project("{FAE04EC0-301F-11D3-BF4B-00C04F79EFBC}") = "THA.Domain.Tests", "THA.Domain.Tests\THA.Domain.Tests.csproj", "{EB8B6692-699B-4C4B-AE12-0FE4016FFEA7}"
EndProject
Project("{FAE04EC0-301F-11D3-BF4B-00C04F79EFBC}") = "THA.Application.Tests", "THA.Application.Tests\THA.Application.Tests.csproj", "{F36D0BEB-230C-4ADD-A887-0C93833F8122}"
EndProject
Project("{FAE04EC0-301F-11D3-BF4B-00C04F79EFBC}") = "THA.API.Tests", "THA.API.Tests\THA.API.Tests.csproj", "{83036A08-1315-4807-8FC4-6C99D9140004}"
EndProject
Project("{FAE04EC0-301F-11D3-BF4B-00C04F79EFBC}") = "THA.Infra.Tests", "THA.Infra.Tests\THA.Infra.Tests.csproj", "{A1E118E8-FBAA-4A5E-8EB3-94F5E992C5B3}"
EndProject
Project("{2150E333-8FDC-42A3-9474-1A3956D46DE8}") = "Resources", "Resources", "{DBD7C5FF-C303-47F4-955D-F0C3332ABC8B}"
EndProject
Project("{2150E333-8FDC-42A3-9474-1A3956D46DE8}") = "Fakes", "Fakes", "{D9215089-5408-40EE-8B50-C260382B69E6}"
EndProject
Project("{2150E333-8FDC-42A3-9474-1A3956D46DE8}") = "Shared", "Shared", "{87694576-F67E-4545-A8C6-E207133AE7E6}"
EndProject
Project("{FAE04EC0-301F-11D3-BF4B-00C04F79EFBC}") = "THA.Common", "SharedKernel\THA.Common.csproj", "{6BEBF7A3-B968-4CA6-B9DE-6D9251F8C2A3}"
EndProject
Global
	GlobalSection(SolutionConfigurationPlatforms) = preSolution
		Debug|Any CPU = Debug|Any CPU
		Release|Any CPU = Release|Any CPU
	EndGlobalSection
	GlobalSection(ProjectConfigurationPlatforms) = postSolution
		{46D791E4-7FEB-4981-8855-CA9A557CE31C}.Debug|Any CPU.ActiveCfg = Debug|Any CPU
		{46D791E4-7FEB-4981-8855-CA9A557CE31C}.Debug|Any CPU.Build.0 = Debug|Any CPU
		{46D791E4-7FEB-4981-8855-CA9A557CE31C}.Release|Any CPU.ActiveCfg = Release|Any CPU
		{46D791E4-7FEB-4981-8855-CA9A557CE31C}.Release|Any CPU.Build.0 = Release|Any CPU
		{B4EE0351-09E9-4966-B304-570FE8594330}.Debug|Any CPU.ActiveCfg = Debug|Any CPU
		{B4EE0351-09E9-4966-B304-570FE8594330}.Debug|Any CPU.Build.0 = Debug|Any CPU
		{B4EE0351-09E9-4966-B304-570FE8594330}.Release|Any CPU.ActiveCfg = Release|Any CPU
		{B4EE0351-09E9-4966-B304-570FE8594330}.Release|Any CPU.Build.0 = Release|Any CPU
		{3BD45E15-AB84-4FDF-AE9A-877B82259F64}.Debug|Any CPU.ActiveCfg = Debug|Any CPU
		{3BD45E15-AB84-4FDF-AE9A-877B82259F64}.Debug|Any CPU.Build.0 = Debug|Any CPU
		{3BD45E15-AB84-4FDF-AE9A-877B82259F64}.Release|Any CPU.ActiveCfg = Release|Any CPU
		{3BD45E15-AB84-4FDF-AE9A-877B82259F64}.Release|Any CPU.Build.0 = Release|Any CPU
		{48A9CC00-85A3-4DC3-B26B-AB0BC33F6412}.Debug|Any CPU.ActiveCfg = Debug|Any CPU
		{48A9CC00-85A3-4DC3-B26B-AB0BC33F6412}.Debug|Any CPU.Build.0 = Debug|Any CPU
		{48A9CC00-85A3-4DC3-B26B-AB0BC33F6412}.Release|Any CPU.ActiveCfg = Release|Any CPU
		{48A9CC00-85A3-4DC3-B26B-AB0BC33F6412}.Release|Any CPU.Build.0 = Release|Any CPU
		{EB8B6692-699B-4C4B-AE12-0FE4016FFEA7}.Debug|Any CPU.ActiveCfg = Debug|Any CPU
		{EB8B6692-699B-4C4B-AE12-0FE4016FFEA7}.Debug|Any CPU.Build.0 = Debug|Any CPU
		{EB8B6692-699B-4C4B-AE12-0FE4016FFEA7}.Release|Any CPU.ActiveCfg = Release|Any CPU
		{EB8B6692-699B-4C4B-AE12-0FE4016FFEA7}.Release|Any CPU.Build.0 = Release|Any CPU
		{F36D0BEB-230C-4ADD-A887-0C93833F8122}.Debug|Any CPU.ActiveCfg = Debug|Any CPU
		{F36D0BEB-230C-4ADD-A887-0C93833F8122}.Debug|Any CPU.Build.0 = Debug|Any CPU
		{F36D0BEB-230C-4ADD-A887-0C93833F8122}.Release|Any CPU.ActiveCfg = Release|Any CPU
		{F36D0BEB-230C-4ADD-A887-0C93833F8122}.Release|Any CPU.Build.0 = Release|Any CPU
		{83036A08-1315-4807-8FC4-6C99D9140004}.Debug|Any CPU.ActiveCfg = Debug|Any CPU
		{83036A08-1315-4807-8FC4-6C99D9140004}.Debug|Any CPU.Build.0 = Debug|Any CPU
		{83036A08-1315-4807-8FC4-6C99D9140004}.Release|Any CPU.ActiveCfg = Release|Any CPU
		{83036A08-1315-4807-8FC4-6C99D9140004}.Release|Any CPU.Build.0 = Release|Any CPU
		{A1E118E8-FBAA-4A5E-8EB3-94F5E992C5B3}.Debug|Any CPU.ActiveCfg = Debug|Any CPU
		{A1E118E8-FBAA-4A5E-8EB3-94F5E992C5B3}.Debug|Any CPU.Build.0 = Debug|Any CPU
		{A1E118E8-FBAA-4A5E-8EB3-94F5E992C5B3}.Release|Any CPU.ActiveCfg = Release|Any CPU
		{A1E118E8-FBAA-4A5E-8EB3-94F5E992C5B3}.Release|Any CPU.Build.0 = Release|Any CPU
		{6BEBF7A3-B968-4CA6-B9DE-6D9251F8C2A3}.Debug|Any CPU.ActiveCfg = Debug|Any CPU
		{6BEBF7A3-B968-4CA6-B9DE-6D9251F8C2A3}.Debug|Any CPU.Build.0 = Debug|Any CPU
		{6BEBF7A3-B968-4CA6-B9DE-6D9251F8C2A3}.Release|Any CPU.ActiveCfg = Release|Any CPU
		{6BEBF7A3-B968-4CA6-B9DE-6D9251F8C2A3}.Release|Any CPU.Build.0 = Release|Any CPU
	EndGlobalSection
	GlobalSection(SolutionProperties) = preSolution
		HideSolutionNode = FALSE
	EndGlobalSection
	GlobalSection(NestedProjects) = preSolution
		{46D791E4-7FEB-4981-8855-CA9A557CE31C} = {02EA681E-C7D8-13C7-8484-4AC65E1B71E8}
		{B4EE0351-09E9-4966-B304-570FE8594330} = {CA42BD48-639E-4051-B2BD-3E50AB513B0B}
		{3BD45E15-AB84-4FDF-AE9A-877B82259F64} = {2245F82F-EF9B-4C59-B435-FA6FADB2AE85}
		{48A9CC00-85A3-4DC3-B26B-AB0BC33F6412} = {8E5524A5-310D-451D-99F0-D73D6C7D8218}
		{EB8B6692-699B-4C4B-AE12-0FE4016FFEA7} = {2245F82F-EF9B-4C59-B435-FA6FADB2AE85}
		{F36D0BEB-230C-4ADD-A887-0C93833F8122} = {CA42BD48-639E-4051-B2BD-3E50AB513B0B}
		{83036A08-1315-4807-8FC4-6C99D9140004} = {02EA681E-C7D8-13C7-8484-4AC65E1B71E8}
		{A1E118E8-FBAA-4A5E-8EB3-94F5E992C5B3} = {8E5524A5-310D-451D-99F0-D73D6C7D8218}
		{D9215089-5408-40EE-8B50-C260382B69E6} = {DBD7C5FF-C303-47F4-955D-F0C3332ABC8B}
		{6BEBF7A3-B968-4CA6-B9DE-6D9251F8C2A3} = {87694576-F67E-4545-A8C6-E207133AE7E6}
	EndGlobalSection
	GlobalSection(ExtensibilityGlobals) = postSolution
		SolutionGuid = {FB818DF1-D547-4EFB-BA46-63DBF97DF23E}
	EndGlobalSection
EndGlobal
